
Microsoft Visual Studio Solution File, Format Version 12.00
# Visual Studio Version 16
VisualStudioVersion = 16.0.31205.134
MinimumVisualStudioVersion = 10.0.40219.1
Project("{9A19103F-16F7-4668-BE54-9A1E7A4F7556}") = "HiddenVillaEx_Server", "HiddenVillaEx_Server\HiddenVillaEx_Server.csproj", "{231A284D-BF42-4982-BE7F-CBB503179875}"
EndProject
Global
	GlobalSection(SolutionConfigurationPlatforms) = preSolution
		Debug|Any CPU = Debug|Any CPU
		Release|Any CPU = Release|Any CPU
	EndGlobalSection
	GlobalSection(ProjectConfigurationPlatforms) = postSolution
		{231A284D-BF42-4982-BE7F-CBB503179875}.Debug|Any CPU.ActiveCfg = Debug|Any CPU
		{231A284D-BF42-4982-BE7F-CBB503179875}.Debug|Any CPU.Build.0 = Debug|Any CPU
		{231A284D-BF42-4982-BE7F-CBB503179875}.Release|Any CPU.ActiveCfg = Release|Any CPU
		{231A284D-BF42-4982-BE7F-CBB503179875}.Release|Any CPU.Build.0 = Release|Any CPU
	EndGlobalSection
	GlobalSection(SolutionProperties) = preSolution
		HideSolutionNode = FALSE
	EndGlobalSection
	GlobalSection(ExtensibilityGlobals) = postSolution
		SolutionGuid = {49BAE212-E84E-4FE3-9496-B260596DC03A}
	EndGlobalSection
EndGlobal
